// !$*UTF8*$!
{
	archiveVersion = 1;
	classes = {
	};
	objectVersion = 50;
	objects = {

/* Begin PBXBuildFile section */
		34B4A5A62624BE050067DF39 /* AppDelegate.swift in Sources */ = {isa = PBXBuildFile; fileRef = 34B4A5A52624BE050067DF39 /* AppDelegate.swift */; };
		34B4A5A82624BE050067DF39 /* SceneDelegate.swift in Sources */ = {isa = PBXBuildFile; fileRef = 34B4A5A72624BE050067DF39 /* SceneDelegate.swift */; };
		34B4A5AA2624BE050067DF39 /* ContentView.swift in Sources */ = {isa = PBXBuildFile; fileRef = 34B4A5A92624BE050067DF39 /* ContentView.swift */; };
		34B4A5AC2624BE080067DF39 /* Assets.xcassets in Resources */ = {isa = PBXBuildFile; fileRef = 34B4A5AB2624BE080067DF39 /* Assets.xcassets */; };
		34B4A5AF2624BE080067DF39 /* Preview Assets.xcassets in Resources */ = {isa = PBXBuildFile; fileRef = 34B4A5AE2624BE080067DF39 /* Preview Assets.xcassets */; };
		34B4A5B22624BE080067DF39 /* LaunchScreen.storyboard in Resources */ = {isa = PBXBuildFile; fileRef = 34B4A5B02624BE080067DF39 /* LaunchScreen.storyboard */; };
		34B4A5BC2624C7B70067DF39 /* NetworkManager.swift in Sources */ = {isa = PBXBuildFile; fileRef = 34B4A5BB2624C7B70067DF39 /* NetworkManager.swift */; };
		34B4A5C02624C9970067DF39 /* PostData.swift in Sources */ = {isa = PBXBuildFile; fileRef = 34B4A5BF2624C9970067DF39 /* PostData.swift */; };
		34B4A5C5262578750067DF39 /* DetailView.swift in Sources */ = {isa = PBXBuildFile; fileRef = 34B4A5C4262578750067DF39 /* DetailView.swift */; };
		34B4A5C8262588F30067DF39 /* WebView.swift in Sources */ = {isa = PBXBuildFile; fileRef = 34B4A5C7262588F30067DF39 /* WebView.swift */; };
/* End PBXBuildFile section */

/* Begin PBXFileReference section */
		3453A1F2262594C900004512 /* H4X0R News.entitlements */ = {isa = PBXFileReference; lastKnownFileType = text.plist.entitlements; path = "H4X0R News.entitlements"; sourceTree = "<group>"; };
		34B4A5A22624BE050067DF39 /* H4X0R News.app */ = {isa = PBXFileReference; explicitFileType = wrapper.application; includeInIndex = 0; path = "H4X0R News.app"; sourceTree = BUILT_PRODUCTS_DIR; };
		34B4A5A52624BE050067DF39 /* AppDelegate.swift */ = {isa = PBXFileReference; lastKnownFileType = sourcecode.swift; path = AppDelegate.swift; sourceTree = "<group>"; };
		34B4A5A72624BE050067DF39 /* SceneDelegate.swift */ = {isa = PBXFileReference; lastKnownFileType = sourcecode.swift; path = SceneDelegate.swift; sourceTree = "<group>"; };
		34B4A5A92624BE050067DF39 /* ContentView.swift */ = {isa = PBXFileReference; lastKnownFileType = sourcecode.swift; path = ContentView.swift; sourceTree = "<group>"; };
		34B4A5AB2624BE080067DF39 /* Assets.xcassets */ = {isa = PBXFileReference; lastKnownFileType = folder.assetcatalog; path = Assets.xcassets; sourceTree = "<group>"; };
		34B4A5AE2624BE080067DF39 /* Preview Assets.xcassets */ = {isa = PBXFileReference; lastKnownFileType = folder.assetcatalog; path = "Preview Assets.xcassets"; sourceTree = "<group>"; };
		34B4A5B12624BE080067DF39 /* Base */ = {isa = PBXFileReference; lastKnownFileType = file.storyboard; name = Base; path = Base.lproj/LaunchScreen.storyboard; sourceTree = "<group>"; };
		34B4A5B32624BE080067DF39 /* Info.plist */ = {isa = PBXFileReference; lastKnownFileType = text.plist.xml; path = Info.plist; sourceTree = "<group>"; };
		34B4A5BB2624C7B70067DF39 /* NetworkManager.swift */ = {isa = PBXFileReference; lastKnownFileType = sourcecode.swift; path = NetworkManager.swift; sourceTree = "<group>"; };
		34B4A5BF2624C9970067DF39 /* PostData.swift */ = {isa = PBXFileReference; lastKnownFileType = sourcecode.swift; path = PostData.swift; sourceTree = "<group>"; };
		34B4A5C4262578750067DF39 /* DetailView.swift */ = {isa = PBXFileReference; lastKnownFileType = sourcecode.swift; path = DetailView.swift; sourceTree = "<group>"; };
		34B4A5C7262588F30067DF39 /* WebView.swift */ = {isa = PBXFileReference; lastKnownFileType = sourcecode.swift; path = WebView.swift; sourceTree = "<group>"; };
/* End PBXFileReference section */

/* Begin PBXFrameworksBuildPhase section */
		34B4A59F2624BE050067DF39 /* Frameworks */ = {
			isa = PBXFrameworksBuildPhase;
			buildActionMask = 2147483647;
			files = (
			);
			runOnlyForDeploymentPostprocessing = 0;
		};
/* End PBXFrameworksBuildPhase section */

/* Begin PBXGroup section */
		34B4A5992624BE050067DF39 = {
			isa = PBXGroup;
			children = (
				34B4A5A42624BE050067DF39 /* H4X0R News */,
				34B4A5A32624BE050067DF39 /* Products */,
			);
			sourceTree = "<group>";
		};
		34B4A5A32624BE050067DF39 /* Products */ = {
			isa = PBXGroup;
			children = (
				34B4A5A22624BE050067DF39 /* H4X0R News.app */,
			);
			name = Products;
			sourceTree = "<group>";
		};
		34B4A5A42624BE050067DF39 /* H4X0R News */ = {
			isa = PBXGroup;
			children = (
				3453A1F2262594C900004512 /* H4X0R News.entitlements */,
				34B4A5BA2624C7970067DF39 /* models */,
				34B4A5A52624BE050067DF39 /* AppDelegate.swift */,
				34B4A5A72624BE050067DF39 /* SceneDelegate.swift */,
				34B4A5C22625784E0067DF39 /* views */,
				34B4A5AB2624BE080067DF39 /* Assets.xcassets */,
				34B4A5B02624BE080067DF39 /* LaunchScreen.storyboard */,
				34B4A5B32624BE080067DF39 /* Info.plist */,
				34B4A5AD2624BE080067DF39 /* Preview Content */,
			);
			path = "H4X0R News";
			sourceTree = "<group>";
		};
		34B4A5AD2624BE080067DF39 /* Preview Content */ = {
			isa = PBXGroup;
			children = (
				34B4A5AE2624BE080067DF39 /* Preview Assets.xcassets */,
			);
			path = "Preview Content";
			sourceTree = "<group>";
		};
		34B4A5BA2624C7970067DF39 /* models */ = {
			isa = PBXGroup;
			children = (
				34B4A5BB2624C7B70067DF39 /* NetworkManager.swift */,
				34B4A5BF2624C9970067DF39 /* PostData.swift */,
			);
			path = models;
			sourceTree = "<group>";
		};
		34B4A5C22625784E0067DF39 /* views */ = {
			isa = PBXGroup;
			children = (
				34B4A5A92624BE050067DF39 /* ContentView.swift */,
				34B4A5C4262578750067DF39 /* DetailView.swift */,
				34B4A5C7262588F30067DF39 /* WebView.swift */,
			);
			path = views;
			sourceTree = "<group>";
		};
/* End PBXGroup section */

/* Begin PBXNativeTarget section */
		34B4A5A12624BE050067DF39 /* H4X0R News */ = {
			isa = PBXNativeTarget;
			buildConfigurationList = 34B4A5B62624BE080067DF39 /* Build configuration list for PBXNativeTarget "H4X0R News" */;
			buildPhases = (
				34B4A59E2624BE050067DF39 /* Sources */,
				34B4A59F2624BE050067DF39 /* Frameworks */,
				34B4A5A02624BE050067DF39 /* Resources */,
			);
			buildRules = (
			);
			dependencies = (
			);
			name = "H4X0R News";
			productName = "H4X0R News";
			productReference = 34B4A5A22624BE050067DF39 /* H4X0R News.app */;
			productType = "com.apple.product-type.application";
		};
/* End PBXNativeTarget section */

/* Begin PBXProject section */
		34B4A59A2624BE050067DF39 /* Project object */ = {
			isa = PBXProject;
			attributes = {
				LastSwiftUpdateCheck = 1230;
				LastUpgradeCheck = 1230;
				TargetAttributes = {
					34B4A5A12624BE050067DF39 = {
						CreatedOnToolsVersion = 12.3;
					};
				};
			};
			buildConfigurationList = 34B4A59D2624BE050067DF39 /* Build configuration list for PBXProject "H4X0R News" */;
			compatibilityVersion = "Xcode 9.3";
			developmentRegion = en;
			hasScannedForEncodings = 0;
			knownRegions = (
				en,
				Base,
			);
			mainGroup = 34B4A5992624BE050067DF39;
			productRefGroup = 34B4A5A32624BE050067DF39 /* Products */;
			projectDirPath = "";
			projectRoot = "";
			targets = (
				34B4A5A12624BE050067DF39 /* H4X0R News */,
			);
		};
/* End PBXProject section */

/* Begin PBXResourcesBuildPhase section */
		34B4A5A02624BE050067DF39 /* Resources */ = {
			isa = PBXResourcesBuildPhase;
			buildActionMask = 2147483647;
			files = (
				34B4A5B22624BE080067DF39 /* LaunchScreen.storyboard in Resources */,
				34B4A5AF2624BE080067DF39 /* Preview Assets.xcassets in Resources */,
				34B4A5AC2624BE080067DF39 /* Assets.xcassets in Resources */,
			);
			runOnlyForDeploymentPostprocessing = 0;
		};
/* End PBXResourcesBuildPhase section */

/* Begin PBXSourcesBuildPhase section */
		34B4A59E2624BE050067DF39 /* Sources */ = {
			isa = PBXSourcesBuildPhase;
			buildActionMask = 2147483647;
			files = (
				34B4A5C02624C9970067DF39 /* PostData.swift in Sources */,
				34B4A5C5262578750067DF39 /* DetailView.swift in Sources */,
				34B4A5BC2624C7B70067DF39 /* NetworkManager.swift in Sources */,
				34B4A5A62624BE050067DF39 /* AppDelegate.swift in Sources */,
				34B4A5A82624BE050067DF39 /* SceneDelegate.swift in Sources */,
				34B4A5AA2624BE050067DF39 /* ContentView.swift in Sources */,
				34B4A5C8262588F30067DF39 /* WebView.swift in Sources */,
			);
			runOnlyForDeploymentPostprocessing = 0;
		};
/* End PBXSourcesBuildPhase section */

/* Begin PBXVariantGroup section */
		34B4A5B02624BE080067DF39 /* LaunchScreen.storyboard */ = {
			isa = PBXVariantGroup;
			children = (
				34B4A5B12624BE080067DF39 /* Base */,
			);
			name = LaunchScreen.storyboard;
			sourceTree = "<group>";
		};
/* End PBXVariantGroup section */

/* Begin XCBuildConfiguration section */
		34B4A5B42624BE080067DF39 /* Debug */ = {
			isa = XCBuildConfiguration;
			buildSettings = {
				ALWAYS_SEARCH_USER_PATHS = NO;
				CLANG_ANALYZER_NONNULL = YES;
				CLANG_ANALYZER_NUMBER_OBJECT_CONVERSION = YES_AGGRESSIVE;
				CLANG_CXX_LANGUAGE_STANDARD = "gnu++14";
				CLANG_CXX_LIBRARY = "libc++";
				CLANG_ENABLE_MODULES = YES;
				CLANG_ENABLE_OBJC_ARC = YES;
				CLANG_ENABLE_OBJC_WEAK = YES;
				CLANG_WARN_BLOCK_CAPTURE_AUTORELEASING = YES;
				CLANG_WARN_BOOL_CONVERSION = YES;
				CLANG_WARN_COMMA = YES;
				CLANG_WARN_CONSTANT_CONVERSION = YES;
				CLANG_WARN_DEPRECATED_OBJC_IMPLEMENTATIONS = YES;
				CLANG_WARN_DIRECT_OBJC_ISA_USAGE = YES_ERROR;
				CLANG_WARN_DOCUMENTATION_COMMENTS = YES;
				CLANG_WARN_EMPTY_BODY = YES;
				CLANG_WARN_ENUM_CONVERSION = YES;
				CLANG_WARN_INFINITE_RECURSION = YES;
				CLANG_WARN_INT_CONVERSION = YES;
				CLANG_WARN_NON_LITERAL_NULL_CONVERSION = YES;
				CLANG_WARN_OBJC_IMPLICIT_RETAIN_SELF = YES;
				CLANG_WARN_OBJC_LITERAL_CONVERSION = YES;
				CLANG_WARN_OBJC_ROOT_CLASS = YES_ERROR;
				CLANG_WARN_QUOTED_INCLUDE_IN_FRAMEWORK_HEADER = YES;
				CLANG_WARN_RANGE_LOOP_ANALYSIS = YES;
				CLANG_WARN_STRICT_PROTOTYPES = YES;
				CLANG_WARN_SUSPICIOUS_MOVE = YES;
				CLANG_WARN_UNGUARDED_AVAILABILITY = YES_AGGRESSIVE;
				CLANG_WARN_UNREACHABLE_CODE = YES;
				CLANG_WARN__DUPLICATE_METHOD_MATCH = YES;
				COPY_PHASE_STRIP = NO;
				DEBUG_INFORMATION_FORMAT = dwarf;
				ENABLE_STRICT_OBJC_MSGSEND = YES;
				ENABLE_TESTABILITY = YES;
				GCC_C_LANGUAGE_STANDARD = gnu11;
				GCC_DYNAMIC_NO_PIC = NO;
				GCC_NO_COMMON_BLOCKS = YES;
				GCC_OPTIMIZATION_LEVEL = 0;
				GCC_PREPROCESSOR_DEFINITIONS = (
					"DEBUG=1",
					"$(inherited)",
				);
				GCC_WARN_64_TO_32_BIT_CONVERSION = YES;
				GCC_WARN_ABOUT_RETURN_TYPE = YES_ERROR;
				GCC_WARN_UNDECLARED_SELECTOR = YES;
				GCC_WARN_UNINITIALIZED_AUTOS = YES_AGGRESSIVE;
				GCC_WARN_UNUSED_FUNCTION = YES;
				GCC_WARN_UNUSED_VARIABLE = YES;
				IPHONEOS_DEPLOYMENT_TARGET = 14.3;
				MTL_ENABLE_DEBUG_INFO = INCLUDE_SOURCE;
				MTL_FAST_MATH = YES;
				ONLY_ACTIVE_ARCH = YES;
				SDKROOT = iphoneos;
				SWIFT_ACTIVE_COMPILATION_CONDITIONS = DEBUG;
				SWIFT_OPTIMIZATION_LEVEL = "-Onone";
			};
			name = Debug;
		};
		34B4A5B52624BE080067DF39 /* Release */ = {
			isa = XCBuildConfiguration;
			buildSettings = {
				ALWAYS_SEARCH_USER_PATHS = NO;
				CLANG_ANALYZER_NONNULL = YES;
				CLANG_ANALYZER_NUMBER_OBJECT_CONVERSION = YES_AGGRESSIVE;
				CLANG_CXX_LANGUAGE_STANDARD = "gnu++14";
				CLANG_CXX_LIBRARY = "libc++";
				CLANG_ENABLE_MODULES = YES;
				CLANG_ENABLE_OBJC_ARC = YES;
				CLANG_ENABLE_OBJC_WEAK = YES;
				CLANG_WARN_BLOCK_CAPTURE_AUTORELEASING = YES;
				CLANG_WARN_BOOL_CONVERSION = YES;
				CLANG_WARN_COMMA = YES;
				CLANG_WARN_CONSTANT_CONVERSION = YES;
				CLANG_WARN_DEPRECATED_OBJC_IMPLEMENTATIONS = YES;
				CLANG_WARN_DIRECT_OBJC_ISA_USAGE = YES_ERROR;
				CLANG_WARN_DOCUMENTATION_COMMENTS = YES;
				CLANG_WARN_EMPTY_BODY = YES;
				CLANG_WARN_ENUM_CONVERSION = YES;
				CLANG_WARN_INFINITE_RECURSION = YES;
				CLANG_WARN_INT_CONVERSION = YES;
				CLANG_WARN_NON_LITERAL_NULL_CONVERSION = YES;
				CLANG_WARN_OBJC_IMPLICIT_RETAIN_SELF = YES;
				CLANG_WARN_OBJC_LITERAL_CONVERSION = YES;
				CLANG_WARN_OBJC_ROOT_CLASS = YES_ERROR;
				CLANG_WARN_QUOTED_INCLUDE_IN_FRAMEWORK_HEADER = YES;
				CLANG_WARN_RANGE_LOOP_ANALYSIS = YES;
				CLANG_WARN_STRICT_PROTOTYPES = YES;
				CLANG_WARN_SUSPICIOUS_MOVE = YES;
				CLANG_WARN_UNGUARDED_AVAILABILITY = YES_AGGRESSIVE;
				CLANG_WARN_UNREACHABLE_CODE = YES;
				CLANG_WARN__DUPLICATE_METHOD_MATCH = YES;
				COPY_PHASE_STRIP = NO;
				DEBUG_INFORMATION_FORMAT = "dwarf-with-dsym";
				ENABLE_NS_ASSERTIONS = NO;
				ENABLE_STRICT_OBJC_MSGSEND = YES;
				GCC_C_LANGUAGE_STANDARD = gnu11;
				GCC_NO_COMMON_BLOCKS = YES;
				GCC_WARN_64_TO_32_BIT_CONVERSION = YES;
				GCC_WARN_ABOUT_RETURN_TYPE = YES_ERROR;
				GCC_WARN_UNDECLARED_SELECTOR = YES;
				GCC_WARN_UNINITIALIZED_AUTOS = YES_AGGRESSIVE;
				GCC_WARN_UNUSED_FUNCTION = YES;
				GCC_WARN_UNUSED_VARIABLE = YES;
				IPHONEOS_DEPLOYMENT_TARGET = 14.3;
				MTL_ENABLE_DEBUG_INFO = NO;
				MTL_FAST_MATH = YES;
				SDKROOT = iphoneos;
				SWIFT_COMPILATION_MODE = wholemodule;
				SWIFT_OPTIMIZATION_LEVEL = "-O";
				VALIDATE_PRODUCT = YES;
			};
			name = Release;
		};
		34B4A5B72624BE080067DF39 /* Debug */ = {
			isa = XCBuildConfiguration;
			buildSettings = {
				ASSETCATALOG_COMPILER_APPICON_NAME = AppIcon;
				ASSETCATALOG_COMPILER_GLOBAL_ACCENT_COLOR_NAME = AccentColor;
				CODE_SIGN_ENTITLEMENTS = "H4X0R News/H4X0R News.entitlements";
				CODE_SIGN_STYLE = Automatic;
				DEVELOPMENT_ASSET_PATHS = "\"H4X0R News/Preview Content\"";
				DEVELOPMENT_TEAM = 6S5S72BFL6;
				ENABLE_PREVIEWS = YES;
				INFOPLIST_FILE = "H4X0R News/Info.plist";
				LD_RUNPATH_SEARCH_PATHS = (
					"$(inherited)",
					"@executable_path/Frameworks",
				);
				PRODUCT_BUNDLE_IDENTIFIER = "co.nadiaahmadian.H4X0R-News";
				PRODUCT_NAME = "$(TARGET_NAME)";
				SUPPORTS_MACCATALYST = YES;
				SWIFT_VERSION = 5.0;
				TARGETED_DEVICE_FAMILY = "1,2";
			};
			name = Debug;
		};
		34B4A5B82624BE080067DF39 /* Release */ = {
			isa = XCBuildConfiguration;
			buildSettings = {
				ASSETCATALOG_COMPILER_APPICON_NAME = AppIcon;
				ASSETCATALOG_COMPILER_GLOBAL_ACCENT_COLOR_NAME = AccentColor;
				CODE_SIGN_ENTITLEMENTS = "H4X0R News/H4X0R News.entitlements";
				CODE_SIGN_STYLE = Automatic;
				DEVELOPMENT_ASSET_PATHS = "\"H4X0R News/Preview Content\"";
				DEVELOPMENT_TEAM = 6S5S72BFL6;
				ENABLE_PREVIEWS = YES;
				INFOPLIST_FILE = "H4X0R News/Info.plist";
				LD_RUNPATH_SEARCH_PATHS = (
					"$(inherited)",
					"@executable_path/Frameworks",
				);
				PRODUCT_BUNDLE_IDENTIFIER = "co.nadiaahmadian.H4X0R-News";
				PRODUCT_NAME = "$(TARGET_NAME)";
				SUPPORTS_MACCATALYST = YES;
				SWIFT_VERSION = 5.0;
				TARGETED_DEVICE_FAMILY = "1,2";
			};
			name = Release;
		};
/* End XCBuildConfiguration section */

/* Begin XCConfigurationList section */
		34B4A59D2624BE050067DF39 /* Build configuration list for PBXProject "H4X0R News" */ = {
			isa = XCConfigurationList;
			buildConfigurations = (
				34B4A5B42624BE080067DF39 /* Debug */,
				34B4A5B52624BE080067DF39 /* Release */,
			);
			defaultConfigurationIsVisible = 0;
			defaultConfigurationName = Release;
		};
		34B4A5B62624BE080067DF39 /* Build configuration list for PBXNativeTarget "H4X0R News" */ = {
			isa = XCConfigurationList;
			buildConfigurations = (
				34B4A5B72624BE080067DF39 /* Debug */,
				34B4A5B82624BE080067DF39 /* Release */,
			);
			defaultConfigurationIsVisible = 0;
			defaultConfigurationName = Release;
		};
/* End XCConfigurationList section */
	};
	rootObject = 34B4A59A2624BE050067DF39 /* Project object */;
}
